
Microsoft Visual Studio Solution File, Format Version 12.00
# Visual Studio 2013
VisualStudioVersion = 12.0.40629.0
MinimumVisualStudioVersion = 10.0.40219.1
Project("{8BC9CEB8-8B4A-11D0-8D11-00A0C91BC942}") = "WinSysLib", "WinSysLib\WinSysLib.vcxproj", "{1B80F8CE-395A-4C08-A228-BBE9FF7BA65E}"
EndProject
Project("{8BC9CEB8-8B4A-11D0-8D11-00A0C91BC942}") = "WinSysClient", "WinSysClient\WinSysClient.vcxproj", "{648F3339-4D09-45F4-A522-1EAA5A9A92A8}"
EndProject
Global
	GlobalSection(SolutionConfigurationPlatforms) = preSolution
		Debug|Win32 = Debug|Win32
		Release|Win32 = Release|Win32
	EndGlobalSection
	GlobalSection(ProjectConfigurationPlatforms) = postSolution
		{1B80F8CE-395A-4C08-A228-BBE9FF7BA65E}.Debug|Win32.ActiveCfg = Debug|Win32
		{1B80F8CE-395A-4C08-A228-BBE9FF7BA65E}.Debug|Win32.Build.0 = Debug|Win32
		{1B80F8CE-395A-4C08-A228-BBE9FF7BA65E}.Release|Win32.ActiveCfg = Release|Win32
		{1B80F8CE-395A-4C08-A228-BBE9FF7BA65E}.Release|Win32.Build.0 = Release|Win32
		{648F3339-4D09-45F4-A522-1EAA5A9A92A8}.Debug|Win32.ActiveCfg = Debug|Win32
		{648F3339-4D09-45F4-A522-1EAA5A9A92A8}.Debug|Win32.Build.0 = Debug|Win32
		{648F3339-4D09-45F4-A522-1EAA5A9A92A8}.Release|Win32.ActiveCfg = Release|Win32
		{648F3339-4D09-45F4-A522-1EAA5A9A92A8}.Release|Win32.Build.0 = Release|Win32
	EndGlobalSection
	GlobalSection(SolutionProperties) = preSolution
		HideSolutionNode = FALSE
	EndGlobalSection
EndGlobal
